{
    "_readme": [
        "This file locks the dependencies of your project to a known state",
        "Read more about it at https://getcomposer.org/doc/01-basic-usage.md#composer-lock-the-lock-file",
        "This file is @generated automatically"
    ],
    "hash": "17fec1e6c84917aff7e5aea0fc24c199",
    "content-hash": "92146d439d94569f1299b82a89453cc6",
    "packages": [
        {
            "name": "doctrine/cache",
            "version": "v1.6.1",
            "source": {
                "type": "git",
                "url": "https://github.com/doctrine/cache.git",
                "reference": "b6f544a20f4807e81f7044d31e679ccbb1866dc3"
            },
            "dist": {
                "type": "zip",
                "url": "https://api.github.com/repos/doctrine/cache/zipball/b6f544a20f4807e81f7044d31e679ccbb1866dc3",
                "reference": "b6f544a20f4807e81f7044d31e679ccbb1866dc3",
                "shasum": ""
            },
            "require": {
                "php": "~5.5|~7.0"
            },
            "conflict": {
                "doctrine/common": ">2.2,<2.4"
            },
            "require-dev": {
                "phpunit/phpunit": "~4.8|~5.0",
                "predis/predis": "~1.0",
                "satooshi/php-coveralls": "~0.6"
            },
            "type": "library",
            "extra": {
                "branch-alias": {
                    "dev-master": "1.6.x-dev"
                }
            },
            "autoload": {
                "psr-4": {
                    "Doctrine\\Common\\Cache\\": "lib/Doctrine/Common/Cache"
                }
            },
            "notification-url": "https://packagist.org/downloads/",
            "license": [
                "MIT"
            ],
            "authors": [
                {
                    "name": "Roman Borschel",
                    "email": "roman@code-factory.org"
                },
                {
                    "name": "Benjamin Eberlei",
                    "email": "kontakt@beberlei.de"
                },
                {
                    "name": "Guilherme Blanco",
                    "email": "guilhermeblanco@gmail.com"
                },
                {
                    "name": "Jonathan Wage",
                    "email": "jonwage@gmail.com"
                },
                {
                    "name": "Johannes Schmitt",
                    "email": "schmittjoh@gmail.com"
                }
            ],
            "description": "Caching library offering an object-oriented API for many cache backends",
            "homepage": "http://www.doctrine-project.org",
            "keywords": [
                "cache",
                "caching"
            ],
            "time": "2016-10-29 11:16:17"
        },
        {
            "name": "waarneembemiddeling/bigregister-soap",
            "version": "2.0.0",
            "source": {
                "type": "git",
                "url": "https://github.com/waarneembemiddeling/bigregister-soap.git",
                "reference": "75e40166228f198aa6c0ed5f2aeaf95b7cb32e81"
            },
            "dist": {
                "type": "zip",
                "url": "https://api.github.com/repos/waarneembemiddeling/bigregister-soap/zipball/75e40166228f198aa6c0ed5f2aeaf95b7cb32e81",
                "reference": "75e40166228f198aa6c0ed5f2aeaf95b7cb32e81",
                "shasum": ""
            },
            "require": {
                "doctrine/cache": ">=1.0",
                "ext-soap": "*",
                "php": ">=5.6.0"
            },
            "require-dev": {
                "phpunit/phpunit": "^5.6"
            },
            "type": "library",
            "autoload": {
                "psr-0": {
                    "Wb\\BigRegister\\SoapClient": "src/",
                    "Wb\\Test": "tests/"
                }
            },
            "notification-url": "https://packagist.org/downloads/",
            "license": [
                "MIT"
            ],
            "authors": [
                {
                    "name": "Richard van den Brand",
                    "email": "richard@vandenbrand.org"
                }
            ],
            "description": "php 5.6+ implementation of the Dutch BIG Register SOAP interface",
            "keywords": [
                "BIG register",
                "BIG-nummer",
                "BIG-register",
                "bigregister.nl"
            ],
            "time": "2016-11-29 11:03:51"
        }
    ],
    "packages-dev": [],
    "aliases": [],
    "minimum-stability": "stable",
    "stability-flags": [],
    "prefer-stable": false,
    "prefer-lowest": false,
    "platform": [],
    "platform-dev": []
}
